
Microsoft Visual Studio Solution File, Format Version 12.00
# Visual Studio Version 17
VisualStudioVersion = 17.12.35514.174
MinimumVisualStudioVersion = 10.0.40219.1
Project("{FAE04EC0-301F-11D3-BF4B-00C04F79EFBC}") = "Tools.DuplicateSqlSrv", "Tools.DuplicateSqlSrv\Tools.DuplicateSqlSrv.csproj", "{3EFC442F-FA36-46FE-94FC-364743291E2E}"
EndProject
Project("{FAE04EC0-301F-11D3-BF4B-00C04F79EFBC}") = "Tools.DuplicateSqlSrv.Playground", "Tools.DuplicateSqlSrv.Smo.Playground\Tools.DuplicateSqlSrv.Playground.csproj", "{9188D348-8838-4269-B4E6-109ADDF34881}"
EndProject
Global
	GlobalSection(SolutionConfigurationPlatforms) = preSolution
		Debug|Any CPU = Debug|Any CPU
		Release|Any CPU = Release|Any CPU
	EndGlobalSection
	GlobalSection(ProjectConfigurationPlatforms) = postSolution
		{3EFC442F-FA36-46FE-94FC-364743291E2E}.Debug|Any CPU.ActiveCfg = Debug|Any CPU
		{3EFC442F-FA36-46FE-94FC-364743291E2E}.Debug|Any CPU.Build.0 = Debug|Any CPU
		{3EFC442F-FA36-46FE-94FC-364743291E2E}.Release|Any CPU.ActiveCfg = Release|Any CPU
		{3EFC442F-FA36-46FE-94FC-364743291E2E}.Release|Any CPU.Build.0 = Release|Any CPU
		{9188D348-8838-4269-B4E6-109ADDF34881}.Debug|Any CPU.ActiveCfg = Debug|Any CPU
		{9188D348-8838-4269-B4E6-109ADDF34881}.Debug|Any CPU.Build.0 = Debug|Any CPU
		{9188D348-8838-4269-B4E6-109ADDF34881}.Release|Any CPU.ActiveCfg = Release|Any CPU
		{9188D348-8838-4269-B4E6-109ADDF34881}.Release|Any CPU.Build.0 = Release|Any CPU
	EndGlobalSection
	GlobalSection(SolutionProperties) = preSolution
		HideSolutionNode = FALSE
	EndGlobalSection
EndGlobal
